
Microsoft Visual Studio Solution File, Format Version 12.00
# Visual Studio Version 17
VisualStudioVersion = 17.2.32519.379
MinimumVisualStudioVersion = 10.0.40219.1
Project("{9A19103F-16F7-4668-BE54-9A1E7A4F7556}") = "Anicluster", "Anicluster\Anicluster.csproj", "{BF3AD0A6-8299-4BA2-873F-5A04B591B8DC}"
EndProject
Project("{9A19103F-16F7-4668-BE54-9A1E7A4F7556}") = "BiboAnime", "BiboAnime\BiboAnime.csproj", "{2AC2F96C-E83A-4859-98A2-83A0A1EDA474}"
EndProject
Project("{2150E333-8FDC-42A3-9474-1A3956D46DE8}") = "Projektmappenelemente", "Projektmappenelemente", "{B5A9483C-5DBD-443B-93FD-2D7251BF9619}"
	ProjectSection(SolutionItems) = preProject
		.editorconfig = .editorconfig
	EndProjectSection
EndProject
Project("{FAE04EC0-301F-11D3-BF4B-00C04F79EFBC}") = "PictureCheck", "PictureCheck\PictureCheck.csproj", "{54D2B878-48A4-4495-8A2E-7DDB1EE317FD}"
EndProject
Global
	GlobalSection(SolutionConfigurationPlatforms) = preSolution
		Debug|Any CPU = Debug|Any CPU
		Release|Any CPU = Release|Any CPU
	EndGlobalSection
	GlobalSection(ProjectConfigurationPlatforms) = postSolution
		{BF3AD0A6-8299-4BA2-873F-5A04B591B8DC}.Debug|Any CPU.ActiveCfg = Debug|Any CPU
		{BF3AD0A6-8299-4BA2-873F-5A04B591B8DC}.Debug|Any CPU.Build.0 = Debug|Any CPU
		{BF3AD0A6-8299-4BA2-873F-5A04B591B8DC}.Release|Any CPU.ActiveCfg = Release|Any CPU
		{BF3AD0A6-8299-4BA2-873F-5A04B591B8DC}.Release|Any CPU.Build.0 = Release|Any CPU
		{2AC2F96C-E83A-4859-98A2-83A0A1EDA474}.Debug|Any CPU.ActiveCfg = Debug|Any CPU
		{2AC2F96C-E83A-4859-98A2-83A0A1EDA474}.Debug|Any CPU.Build.0 = Debug|Any CPU
		{2AC2F96C-E83A-4859-98A2-83A0A1EDA474}.Release|Any CPU.ActiveCfg = Release|Any CPU
		{2AC2F96C-E83A-4859-98A2-83A0A1EDA474}.Release|Any CPU.Build.0 = Release|Any CPU
		{54D2B878-48A4-4495-8A2E-7DDB1EE317FD}.Debug|Any CPU.ActiveCfg = Debug|Any CPU
		{54D2B878-48A4-4495-8A2E-7DDB1EE317FD}.Debug|Any CPU.Build.0 = Debug|Any CPU
		{54D2B878-48A4-4495-8A2E-7DDB1EE317FD}.Release|Any CPU.ActiveCfg = Release|Any CPU
		{54D2B878-48A4-4495-8A2E-7DDB1EE317FD}.Release|Any CPU.Build.0 = Release|Any CPU
	EndGlobalSection
	GlobalSection(SolutionProperties) = preSolution
		HideSolutionNode = FALSE
	EndGlobalSection
	GlobalSection(ExtensibilityGlobals) = postSolution
		SolutionGuid = {03EEC581-CD4F-4102-8419-9091EE40FF12}
	EndGlobalSection
EndGlobal
